
Microsoft Visual Studio Solution File, Format Version 12.00
# Visual Studio Version 16
VisualStudioVersion = 16.0.31624.102
MinimumVisualStudioVersion = 10.0.40219.1
Project("{FAE04EC0-301F-11D3-BF4B-00C04F79EFBC}") = "project", "project\project.csproj", "{A3986A52-278D-4493-8054-4530EEF759AA}"
EndProject
Global
	GlobalSection(SolutionConfigurationPlatforms) = preSolution
		Debug|Any CPU = Debug|Any CPU
		Release|Any CPU = Release|Any CPU
	EndGlobalSection
	GlobalSection(ProjectConfigurationPlatforms) = postSolution
		{A3986A52-278D-4493-8054-4530EEF759AA}.Debug|Any CPU.ActiveCfg = Debug|Any CPU
		{A3986A52-278D-4493-8054-4530EEF759AA}.Debug|Any CPU.Build.0 = Debug|Any CPU
		{A3986A52-278D-4493-8054-4530EEF759AA}.Release|Any CPU.ActiveCfg = Release|Any CPU
		{A3986A52-278D-4493-8054-4530EEF759AA}.Release|Any CPU.Build.0 = Release|Any CPU
	EndGlobalSection
	GlobalSection(SolutionProperties) = preSolution
		HideSolutionNode = FALSE
	EndGlobalSection
	GlobalSection(ExtensibilityGlobals) = postSolution
		SolutionGuid = {B8F90703-3E46-46B6-B8D9-3A01605111AA}
	EndGlobalSection
EndGlobal
